
Microsoft Visual Studio Solution File, Format Version 12.00
# Visual Studio Version 16
VisualStudioVersion = 16.0.31624.102
MinimumVisualStudioVersion = 10.0.40219.1
Project("{FAE04EC0-301F-11D3-BF4B-00C04F79EFBC}") = "DisplayClose", "DisplayClose\DisplayClose.csproj", "{AC04DBC6-E010-43FE-8B1E-9E34B8CBBF33}"
EndProject
Global
	GlobalSection(SolutionConfigurationPlatforms) = preSolution
		Debug|Any CPU = Debug|Any CPU
		Release|Any CPU = Release|Any CPU
	EndGlobalSection
	GlobalSection(ProjectConfigurationPlatforms) = postSolution
		{AC04DBC6-E010-43FE-8B1E-9E34B8CBBF33}.Debug|Any CPU.ActiveCfg = Debug|Any CPU
		{AC04DBC6-E010-43FE-8B1E-9E34B8CBBF33}.Debug|Any CPU.Build.0 = Debug|Any CPU
		{AC04DBC6-E010-43FE-8B1E-9E34B8CBBF33}.Release|Any CPU.ActiveCfg = Release|Any CPU
		{AC04DBC6-E010-43FE-8B1E-9E34B8CBBF33}.Release|Any CPU.Build.0 = Release|Any CPU
	EndGlobalSection
	GlobalSection(SolutionProperties) = preSolution
		HideSolutionNode = FALSE
	EndGlobalSection
	GlobalSection(ExtensibilityGlobals) = postSolution
		SolutionGuid = {D1DE1E1D-AB33-4DEB-AB75-DD30910B0DFC}
	EndGlobalSection
EndGlobal
